// !$*UTF8*$!
{
	archiveVersion = 1;
	classes = {
	};
	objectVersion = 55;
	objects = {

/* Begin PBXBuildFile section */
		9109F2652935E1B500DDE54B /* PostCell.swift in Sources */ = {isa = PBXBuildFile; fileRef = 9109F2642935E1B500DDE54B /* PostCell.swift */; };
		9109F26929367A5400DDE54B /* Kingfisher in Frameworks */ = {isa = PBXBuildFile; productRef = 9109F26829367A5400DDE54B /* Kingfisher */; };
		9116104F292CB99200AC1627 /* SubScribeTableViewController.swift in Sources */ = {isa = PBXBuildFile; fileRef = 9116104E292CB99200AC1627 /* SubScribeTableViewController.swift */; };
		91178E052934803B00A9BDE7 /* PostWebViewController.swift in Sources */ = {isa = PBXBuildFile; fileRef = 91178E042934803B00A9BDE7 /* PostWebViewController.swift */; };
		91178E0A2934A79300A9BDE7 /* SwiftSoup in Frameworks */ = {isa = PBXBuildFile; productRef = 91178E092934A79300A9BDE7 /* SwiftSoup */; };
		91178E112934B90E00A9BDE7 /* NVActivityIndicatorView in Frameworks */ = {isa = PBXBuildFile; productRef = 91178E102934B90E00A9BDE7 /* NVActivityIndicatorView */; };
		91178E132934B90E00A9BDE7 /* NVActivityIndicatorViewExtended in Frameworks */ = {isa = PBXBuildFile; productRef = 91178E122934B90E00A9BDE7 /* NVActivityIndicatorViewExtended */; };
		911A1A57293F218B00D1C3CD /* LoadingViewController.swift in Sources */ = {isa = PBXBuildFile; fileRef = 911A1A56293F218B00D1C3CD /* LoadingViewController.swift */; };
		912322862909010900C204A8 /* SearchViewController.swift in Sources */ = {isa = PBXBuildFile; fileRef = 912322852909010900C204A8 /* SearchViewController.swift */; };
		912322892909102E00C204A8 /* SubscribeListViewController.swift in Sources */ = {isa = PBXBuildFile; fileRef = 912322882909102E00C204A8 /* SubscribeListViewController.swift */; };
		9123228D2909181900C204A8 /* SearchSubscribeViewController.swift in Sources */ = {isa = PBXBuildFile; fileRef = 9123228C2909181900C204A8 /* SearchSubscribeViewController.swift */; };
		914A26E82937CF6E00F67BA0 /* urlList.swift in Sources */ = {isa = PBXBuildFile; fileRef = 914A26E72937CF6E00F67BA0 /* urlList.swift */; };
		9160AB8E291E1D4300079BF9 /* Token.swift in Sources */ = {isa = PBXBuildFile; fileRef = 9160AB8D291E1D4300079BF9 /* Token.swift */; };
		916827A7292A2FCA00DDA369 /* PostModel.swift in Sources */ = {isa = PBXBuildFile; fileRef = 916827A6292A2FCA00DDA369 /* PostModel.swift */; };
		916827A9292A487B00DDA369 /* PostData.swift in Sources */ = {isa = PBXBuildFile; fileRef = 916827A8292A487A00DDA369 /* PostData.swift */; };
		9168AD5C290FBC2200BA42E2 /* Realm in Frameworks */ = {isa = PBXBuildFile; productRef = 9168AD5B290FBC2200BA42E2 /* Realm */; };
		9168AD5E290FBC2200BA42E2 /* RealmSwift in Frameworks */ = {isa = PBXBuildFile; productRef = 9168AD5D290FBC2200BA42E2 /* RealmSwift */; };
		916AE8222922A706007CCDE7 /* SubscriberModel.swift in Sources */ = {isa = PBXBuildFile; fileRef = 916AE8212922A706007CCDE7 /* SubscriberModel.swift */; };
		916AE8252922A89D007CCDE7 /* SubscriberService.swift in Sources */ = {isa = PBXBuildFile; fileRef = 916AE8242922A89D007CCDE7 /* SubscriberService.swift */; };
		916AE8272922A8F6007CCDE7 /* AddRequest.swift in Sources */ = {isa = PBXBuildFile; fileRef = 916AE8262922A8F6007CCDE7 /* AddRequest.swift */; };
		916AEB9D28F1675F000B2DA0 /* AppDelegate.swift in Sources */ = {isa = PBXBuildFile; fileRef = 916AEB9C28F1675F000B2DA0 /* AppDelegate.swift */; };
		916AEBA128F1675F000B2DA0 /* SignUpViewController.swift in Sources */ = {isa = PBXBuildFile; fileRef = 916AEBA028F1675F000B2DA0 /* SignUpViewController.swift */; };
		916AEBA628F16762000B2DA0 /* Assets.xcassets in Resources */ = {isa = PBXBuildFile; fileRef = 916AEBA528F16762000B2DA0 /* Assets.xcassets */; };
		916AEBA928F16762000B2DA0 /* LaunchScreen.storyboard in Resources */ = {isa = PBXBuildFile; fileRef = 916AEBA728F16762000B2DA0 /* LaunchScreen.storyboard */; };
		9170F14029154A720056E182 /* CustomCell.swift in Sources */ = {isa = PBXBuildFile; fileRef = 9170F13F29154A710056E182 /* CustomCell.swift */; };
		9172F2A02916340600C6C890 /* Subscriber.swift in Sources */ = {isa = PBXBuildFile; fileRef = 9172F29F2916340600C6C890 /* Subscriber.swift */; };
		9172F2A22916358900C6C890 /* RealmService.swift in Sources */ = {isa = PBXBuildFile; fileRef = 9172F2A12916358900C6C890 /* RealmService.swift */; };
		91755F1B29233C24005C94D7 /* SubscriberListModel.swift in Sources */ = {isa = PBXBuildFile; fileRef = 91755F1A29233C24005C94D7 /* SubscriberListModel.swift */; };
		917AA1BA28F2A814004EF8DB /* Then in Frameworks */ = {isa = PBXBuildFile; productRef = 917AA1B928F2A814004EF8DB /* Then */; };
		917AA1C028F2A93C004EF8DB /* UITextField+.swift in Sources */ = {isa = PBXBuildFile; fileRef = 917AA1BF28F2A93C004EF8DB /* UITextField+.swift */; };
		917AA1C428F46053004EF8DB /* UIColor+.swift in Sources */ = {isa = PBXBuildFile; fileRef = 917AA1C328F46053004EF8DB /* UIColor+.swift */; };
		917AA1C628F465B3004EF8DB /* UIStackView+.swift in Sources */ = {isa = PBXBuildFile; fileRef = 917AA1C528F465B3004EF8DB /* UIStackView+.swift */; };
		917AA1CC28F46BB4004EF8DB /* UIView+.swift in Sources */ = {isa = PBXBuildFile; fileRef = 917AA1CB28F46BB4004EF8DB /* UIView+.swift */; };
		917AA1CF28F4738B004EF8DB /* SnapKit in Frameworks */ = {isa = PBXBuildFile; productRef = 917AA1CE28F4738B004EF8DB /* SnapKit */; };
		918CDB5429390A59000C016E /* TagViewController.swift in Sources */ = {isa = PBXBuildFile; fileRef = 918CDB5329390A59000C016E /* TagViewController.swift */; };
		918CDB5629390D36000C016E /* AddTagViewController.swift in Sources */ = {isa = PBXBuildFile; fileRef = 918CDB5529390D36000C016E /* AddTagViewController.swift */; };
		918CDB582939100F000C016E /* HomeTabViewController.swift in Sources */ = {isa = PBXBuildFile; fileRef = 918CDB572939100F000C016E /* HomeTabViewController.swift */; };
		9191602829256BE200497AC9 /* userList.swift in Sources */ = {isa = PBXBuildFile; fileRef = 9191602729256BE200497AC9 /* userList.swift */; };
		91A15B4F28F6C75D00FA3150 /* SceneDelegate.swift in Sources */ = {isa = PBXBuildFile; fileRef = 91A15B4E28F6C75D00FA3150 /* SceneDelegate.swift */; };
		91B73FD228F80142005159AD /* SearchKeywordViewController.swift in Sources */ = {isa = PBXBuildFile; fileRef = 91B73FD128F80142005159AD /* SearchKeywordViewController.swift */; };
		91B73FD428F83D53005159AD /* CustomTabBarViewController.swift in Sources */ = {isa = PBXBuildFile; fileRef = 91B73FD328F83D53005159AD /* CustomTabBarViewController.swift */; };
		91B73FDA28F83DB1005159AD /* ProfileViewController.swift in Sources */ = {isa = PBXBuildFile; fileRef = 91B73FD928F83DB1005159AD /* ProfileViewController.swift */; };
		91B73FDF28F84405005159AD /* SignInViewController.swift in Sources */ = {isa = PBXBuildFile; fileRef = 91B73FDE28F84405005159AD /* SignInViewController.swift */; };
		91C277032917A3D100F5F53B /* CombineMoya in Frameworks */ = {isa = PBXBuildFile; productRef = 91C277022917A3D100F5F53B /* CombineMoya */; };
		91C277052917A3D100F5F53B /* Moya in Frameworks */ = {isa = PBXBuildFile; productRef = 91C277042917A3D100F5F53B /* Moya */; };
		91C277072917A3D100F5F53B /* ReactiveMoya in Frameworks */ = {isa = PBXBuildFile; productRef = 91C277062917A3D100F5F53B /* ReactiveMoya */; };
		91C277092917A3D100F5F53B /* RxMoya in Frameworks */ = {isa = PBXBuildFile; productRef = 91C277082917A3D100F5F53B /* RxMoya */; };
		91C277112917CCF100F5F53B /* SignServices.swift in Sources */ = {isa = PBXBuildFile; fileRef = 91C277102917CCF100F5F53B /* SignServices.swift */; };
		91C277152917E72A00F5F53B /* SignUpRequest.swift in Sources */ = {isa = PBXBuildFile; fileRef = 91C277142917E72A00F5F53B /* SignUpRequest.swift */; };
		91C277172917E86600F5F53B /* SignUpModel.swift in Sources */ = {isa = PBXBuildFile; fileRef = 91C277162917E86600F5F53B /* SignUpModel.swift */; };
		91C277192917EB0600F5F53B /* SignInModel.swift in Sources */ = {isa = PBXBuildFile; fileRef = 91C277182917EB0600F5F53B /* SignInModel.swift */; };
		91C2771B2917EC1D00F5F53B /* SignInRequest.swift in Sources */ = {isa = PBXBuildFile; fileRef = 91C2771A2917EC1D00F5F53B /* SignInRequest.swift */; };
		91C35509293DE8B40087ADD1 /* DeleteTag.swift in Sources */ = {isa = PBXBuildFile; fileRef = 91C35508293DE8B40087ADD1 /* DeleteTag.swift */; };
		91D0649C294477FC00E99C7C /* Reachability.swift in Sources */ = {isa = PBXBuildFile; fileRef = 91D0649B294477FC00E99C7C /* Reachability.swift */; };
		91D342AC294066EB00251C56 /* UIViewController.swift in Sources */ = {isa = PBXBuildFile; fileRef = 91D342AB294066EB00251C56 /* UIViewController.swift */; };
		91DA86F5293B9FB9005084A2 /* TagUrlList.swift in Sources */ = {isa = PBXBuildFile; fileRef = 91DA86F4293B9FB9005084A2 /* TagUrlList.swift */; };
		91DA86F7293BA056005084A2 /* BaseURL.swift in Sources */ = {isa = PBXBuildFile; fileRef = 91DA86F6293BA056005084A2 /* BaseURL.swift */; };
		91E47771292BAC4F00AFC26E /* Tabman in Frameworks */ = {isa = PBXBuildFile; productRef = 91E47770292BAC4F00AFC26E /* Tabman */; };
		91E47773292BAC6500AFC26E /* TabViewController.swift in Sources */ = {isa = PBXBuildFile; fileRef = 91E47772292BAC6500AFC26E /* TabViewController.swift */; };
		91E47777292BD20400AFC26E /* NotificationViewController.swift in Sources */ = {isa = PBXBuildFile; fileRef = 91E47776292BD20400AFC26E /* NotificationViewController.swift */; };
		91E4777B292BEAE500AFC26E /* NotificationTableViewCell.swift in Sources */ = {isa = PBXBuildFile; fileRef = 91E4777A292BEAE500AFC26E /* NotificationTableViewCell.swift */; };
		91E4777D292BECD100AFC26E /* NotificationList.swift in Sources */ = {isa = PBXBuildFile; fileRef = 91E4777C292BECD100AFC26E /* NotificationList.swift */; };
		91E694F82933D523000E312B /* HomeViewController.swift in Sources */ = {isa = PBXBuildFile; fileRef = 91E694F72933D523000E312B /* HomeViewController.swift */; };
		91FFF31D2939CE9800D80859 /* TagService.swift in Sources */ = {isa = PBXBuildFile; fileRef = 91FFF31C2939CE9800D80859 /* TagService.swift */; };
		91FFF31F2939CF2D00D80859 /* AddTag.swift in Sources */ = {isa = PBXBuildFile; fileRef = 91FFF31E2939CF2D00D80859 /* AddTag.swift */; };
		91FFF3222939D1FA00D80859 /* userTag.swift in Sources */ = {isa = PBXBuildFile; fileRef = 91FFF3212939D1FA00D80859 /* userTag.swift */; };
		91FFF3262939D5AF00D80859 /* TagTableCell.swift in Sources */ = {isa = PBXBuildFile; fileRef = 91FFF3252939D5AF00D80859 /* TagTableCell.swift */; };
		91FFF3292939DCA500D80859 /* TagPostModel.swift in Sources */ = {isa = PBXBuildFile; fileRef = 91FFF3282939DCA500D80859 /* TagPostModel.swift */; };
		91FFF32B2939DD9300D80859 /* TagPostData.swift in Sources */ = {isa = PBXBuildFile; fileRef = 91FFF32A2939DD9300D80859 /* TagPostData.swift */; };
		91FFF32D2939E3BF00D80859 /* TagPostCell.swift in Sources */ = {isa = PBXBuildFile; fileRef = 91FFF32C2939E3BF00D80859 /* TagPostCell.swift */; };
/* End PBXBuildFile section */

/* Begin PBXFileReference section */
		9109F2642935E1B500DDE54B /* PostCell.swift */ = {isa = PBXFileReference; lastKnownFileType = sourcecode.swift; path = PostCell.swift; sourceTree = "<group>"; };
		9116104E292CB99200AC1627 /* SubScribeTableViewController.swift */ = {isa = PBXFileReference; lastKnownFileType = sourcecode.swift; path = SubScribeTableViewController.swift; sourceTree = "<group>"; };
		91178E042934803B00A9BDE7 /* PostWebViewController.swift */ = {isa = PBXFileReference; lastKnownFileType = sourcecode.swift; path = PostWebViewController.swift; sourceTree = "<group>"; };
		911A1A56293F218B00D1C3CD /* LoadingViewController.swift */ = {isa = PBXFileReference; lastKnownFileType = sourcecode.swift; path = LoadingViewController.swift; sourceTree = "<group>"; };
		912322852909010900C204A8 /* SearchViewController.swift */ = {isa = PBXFileReference; lastKnownFileType = sourcecode.swift; path = SearchViewController.swift; sourceTree = "<group>"; };
		912322882909102E00C204A8 /* SubscribeListViewController.swift */ = {isa = PBXFileReference; lastKnownFileType = sourcecode.swift; path = SubscribeListViewController.swift; sourceTree = "<group>"; };
		9123228C2909181900C204A8 /* SearchSubscribeViewController.swift */ = {isa = PBXFileReference; lastKnownFileType = sourcecode.swift; path = SearchSubscribeViewController.swift; sourceTree = "<group>"; };
		914A26E72937CF6E00F67BA0 /* urlList.swift */ = {isa = PBXFileReference; lastKnownFileType = sourcecode.swift; path = urlList.swift; sourceTree = "<group>"; };
		9160AB8D291E1D4300079BF9 /* Token.swift */ = {isa = PBXFileReference; lastKnownFileType = sourcecode.swift; path = Token.swift; sourceTree = "<group>"; };
		916827A6292A2FCA00DDA369 /* PostModel.swift */ = {isa = PBXFileReference; lastKnownFileType = sourcecode.swift; path = PostModel.swift; sourceTree = "<group>"; };
		916827A8292A487A00DDA369 /* PostData.swift */ = {isa = PBXFileReference; lastKnownFileType = sourcecode.swift; path = PostData.swift; sourceTree = "<group>"; };
		916AE8212922A706007CCDE7 /* SubscriberModel.swift */ = {isa = PBXFileReference; lastKnownFileType = sourcecode.swift; path = SubscriberModel.swift; sourceTree = "<group>"; };
		916AE8242922A89D007CCDE7 /* SubscriberService.swift */ = {isa = PBXFileReference; lastKnownFileType = sourcecode.swift; path = SubscriberService.swift; sourceTree = "<group>"; };
		916AE8262922A8F6007CCDE7 /* AddRequest.swift */ = {isa = PBXFileReference; lastKnownFileType = sourcecode.swift; path = AddRequest.swift; sourceTree = "<group>"; };
		916AEB9928F1675F000B2DA0 /* iOS_Velog.app */ = {isa = PBXFileReference; explicitFileType = wrapper.application; includeInIndex = 0; path = iOS_Velog.app; sourceTree = BUILT_PRODUCTS_DIR; };
		916AEB9C28F1675F000B2DA0 /* AppDelegate.swift */ = {isa = PBXFileReference; lastKnownFileType = sourcecode.swift; path = AppDelegate.swift; sourceTree = "<group>"; };
		916AEBA028F1675F000B2DA0 /* SignUpViewController.swift */ = {isa = PBXFileReference; lastKnownFileType = sourcecode.swift; path = SignUpViewController.swift; sourceTree = "<group>"; };
		916AEBA528F16762000B2DA0 /* Assets.xcassets */ = {isa = PBXFileReference; lastKnownFileType = folder.assetcatalog; path = Assets.xcassets; sourceTree = "<group>"; };
		916AEBA828F16762000B2DA0 /* Base */ = {isa = PBXFileReference; lastKnownFileType = file.storyboard; name = Base; path = Base.lproj/LaunchScreen.storyboard; sourceTree = "<group>"; };
		916AEBAA28F16762000B2DA0 /* Info.plist */ = {isa = PBXFileReference; lastKnownFileType = text.plist.xml; path = Info.plist; sourceTree = "<group>"; };
		9170F13F29154A710056E182 /* CustomCell.swift */ = {isa = PBXFileReference; lastKnownFileType = sourcecode.swift; path = CustomCell.swift; sourceTree = "<group>"; };
		9172F29F2916340600C6C890 /* Subscriber.swift */ = {isa = PBXFileReference; lastKnownFileType = sourcecode.swift; path = Subscriber.swift; sourceTree = "<group>"; };
		9172F2A12916358900C6C890 /* RealmService.swift */ = {isa = PBXFileReference; lastKnownFileType = sourcecode.swift; path = RealmService.swift; sourceTree = "<group>"; };
		91755F1A29233C24005C94D7 /* SubscriberListModel.swift */ = {isa = PBXFileReference; lastKnownFileType = sourcecode.swift; path = SubscriberListModel.swift; sourceTree = "<group>"; };
		917AA1BF28F2A93C004EF8DB /* UITextField+.swift */ = {isa = PBXFileReference; lastKnownFileType = sourcecode.swift; path = "UITextField+.swift"; sourceTree = "<group>"; };
		917AA1C328F46053004EF8DB /* UIColor+.swift */ = {isa = PBXFileReference; lastKnownFileType = sourcecode.swift; path = "UIColor+.swift"; sourceTree = "<group>"; };
		917AA1C528F465B3004EF8DB /* UIStackView+.swift */ = {isa = PBXFileReference; lastKnownFileType = sourcecode.swift; path = "UIStackView+.swift"; sourceTree = "<group>"; };
		917AA1CB28F46BB4004EF8DB /* UIView+.swift */ = {isa = PBXFileReference; lastKnownFileType = sourcecode.swift; path = "UIView+.swift"; sourceTree = "<group>"; };
		918CDB5329390A59000C016E /* TagViewController.swift */ = {isa = PBXFileReference; lastKnownFileType = sourcecode.swift; name = TagViewController.swift; path = iOS_Velog/MainTabBar/TabBarComponent/Home/TabViewComponet/TagList/TagViewController.swift; sourceTree = SOURCE_ROOT; };
		918CDB5529390D36000C016E /* AddTagViewController.swift */ = {isa = PBXFileReference; lastKnownFileType = sourcecode.swift; name = AddTagViewController.swift; path = iOS_Velog/MainTabBar/TabBarComponent/Home/TabViewComponet/SearchTag/AddTagViewController.swift; sourceTree = SOURCE_ROOT; };
		918CDB572939100F000C016E /* HomeTabViewController.swift */ = {isa = PBXFileReference; lastKnownFileType = sourcecode.swift; name = HomeTabViewController.swift; path = iOS_Velog/MainTabBar/TabBarComponent/Home/HomeTabViewController.swift; sourceTree = SOURCE_ROOT; };
		9191602729256BE200497AC9 /* userList.swift */ = {isa = PBXFileReference; lastKnownFileType = sourcecode.swift; path = userList.swift; sourceTree = "<group>"; };
		91A15B4E28F6C75D00FA3150 /* SceneDelegate.swift */ = {isa = PBXFileReference; lastKnownFileType = sourcecode.swift; path = SceneDelegate.swift; sourceTree = "<group>"; };
		91B73FD128F80142005159AD /* SearchKeywordViewController.swift */ = {isa = PBXFileReference; lastKnownFileType = sourcecode.swift; path = SearchKeywordViewController.swift; sourceTree = "<group>"; };
		91B73FD328F83D53005159AD /* CustomTabBarViewController.swift */ = {isa = PBXFileReference; lastKnownFileType = sourcecode.swift; path = CustomTabBarViewController.swift; sourceTree = "<group>"; };
		91B73FD928F83DB1005159AD /* ProfileViewController.swift */ = {isa = PBXFileReference; lastKnownFileType = sourcecode.swift; path = ProfileViewController.swift; sourceTree = "<group>"; };
		91B73FDE28F84405005159AD /* SignInViewController.swift */ = {isa = PBXFileReference; lastKnownFileType = sourcecode.swift; path = SignInViewController.swift; sourceTree = "<group>"; };
		91C277102917CCF100F5F53B /* SignServices.swift */ = {isa = PBXFileReference; lastKnownFileType = sourcecode.swift; path = SignServices.swift; sourceTree = "<group>"; };
		91C277142917E72A00F5F53B /* SignUpRequest.swift */ = {isa = PBXFileReference; lastKnownFileType = sourcecode.swift; path = SignUpRequest.swift; sourceTree = "<group>"; };
		91C277162917E86600F5F53B /* SignUpModel.swift */ = {isa = PBXFileReference; lastKnownFileType = sourcecode.swift; path = SignUpModel.swift; sourceTree = "<group>"; };
		91C277182917EB0600F5F53B /* SignInModel.swift */ = {isa = PBXFileReference; lastKnownFileType = sourcecode.swift; path = SignInModel.swift; sourceTree = "<group>"; };
		91C2771A2917EC1D00F5F53B /* SignInRequest.swift */ = {isa = PBXFileReference; lastKnownFileType = sourcecode.swift; path = SignInRequest.swift; sourceTree = "<group>"; };
		91C35508293DE8B40087ADD1 /* DeleteTag.swift */ = {isa = PBXFileReference; lastKnownFileType = sourcecode.swift; path = DeleteTag.swift; sourceTree = "<group>"; };
		91D0649B294477FC00E99C7C /* Reachability.swift */ = {isa = PBXFileReference; lastKnownFileType = sourcecode.swift; path = Reachability.swift; sourceTree = "<group>"; };
		91D342AB294066EB00251C56 /* UIViewController.swift */ = {isa = PBXFileReference; lastKnownFileType = sourcecode.swift; path = UIViewController.swift; sourceTree = "<group>"; };
		91DA86F4293B9FB9005084A2 /* TagUrlList.swift */ = {isa = PBXFileReference; lastKnownFileType = sourcecode.swift; path = TagUrlList.swift; sourceTree = "<group>"; };
		91DA86F6293BA056005084A2 /* BaseURL.swift */ = {isa = PBXFileReference; lastKnownFileType = sourcecode.swift; path = BaseURL.swift; sourceTree = "<group>"; };
		91E47772292BAC6500AFC26E /* TabViewController.swift */ = {isa = PBXFileReference; lastKnownFileType = sourcecode.swift; path = TabViewController.swift; sourceTree = "<group>"; };
		91E47776292BD20400AFC26E /* NotificationViewController.swift */ = {isa = PBXFileReference; lastKnownFileType = sourcecode.swift; path = NotificationViewController.swift; sourceTree = "<group>"; };
		91E4777A292BEAE500AFC26E /* NotificationTableViewCell.swift */ = {isa = PBXFileReference; lastKnownFileType = sourcecode.swift; path = NotificationTableViewCell.swift; sourceTree = "<group>"; };
		91E4777C292BECD100AFC26E /* NotificationList.swift */ = {isa = PBXFileReference; lastKnownFileType = sourcecode.swift; path = NotificationList.swift; sourceTree = "<group>"; };
		91E694F72933D523000E312B /* HomeViewController.swift */ = {isa = PBXFileReference; lastKnownFileType = sourcecode.swift; name = HomeViewController.swift; path = iOS_Velog/MainTabBar/TabBarComponent/Home/TabViewComponet/HomeViewController.swift; sourceTree = SOURCE_ROOT; };
		91FFF31C2939CE9800D80859 /* TagService.swift */ = {isa = PBXFileReference; lastKnownFileType = sourcecode.swift; path = TagService.swift; sourceTree = "<group>"; };
		91FFF31E2939CF2D00D80859 /* AddTag.swift */ = {isa = PBXFileReference; lastKnownFileType = sourcecode.swift; path = AddTag.swift; sourceTree = "<group>"; };
		91FFF3212939D1FA00D80859 /* userTag.swift */ = {isa = PBXFileReference; lastKnownFileType = sourcecode.swift; path = userTag.swift; sourceTree = "<group>"; };
		91FFF3252939D5AF00D80859 /* TagTableCell.swift */ = {isa = PBXFileReference; lastKnownFileType = sourcecode.swift; path = TagTableCell.swift; sourceTree = "<group>"; };
		91FFF3282939DCA500D80859 /* TagPostModel.swift */ = {isa = PBXFileReference; lastKnownFileType = sourcecode.swift; path = TagPostModel.swift; sourceTree = "<group>"; };
		91FFF32A2939DD9300D80859 /* TagPostData.swift */ = {isa = PBXFileReference; lastKnownFileType = sourcecode.swift; path = TagPostData.swift; sourceTree = "<group>"; };
		91FFF32C2939E3BF00D80859 /* TagPostCell.swift */ = {isa = PBXFileReference; lastKnownFileType = sourcecode.swift; path = TagPostCell.swift; sourceTree = "<group>"; };
/* End PBXFileReference section */

/* Begin PBXFrameworksBuildPhase section */
		916AEB9628F1675F000B2DA0 /* Frameworks */ = {
			isa = PBXFrameworksBuildPhase;
			buildActionMask = 2147483647;
			files = (
				91C277072917A3D100F5F53B /* ReactiveMoya in Frameworks */,
				9168AD5E290FBC2200BA42E2 /* RealmSwift in Frameworks */,
				9168AD5C290FBC2200BA42E2 /* Realm in Frameworks */,
				91C277052917A3D100F5F53B /* Moya in Frameworks */,
				917AA1BA28F2A814004EF8DB /* Then in Frameworks */,
				91E47771292BAC4F00AFC26E /* Tabman in Frameworks */,
				91C277032917A3D100F5F53B /* CombineMoya in Frameworks */,
				91C277092917A3D100F5F53B /* RxMoya in Frameworks */,
				9109F26929367A5400DDE54B /* Kingfisher in Frameworks */,
				91178E112934B90E00A9BDE7 /* NVActivityIndicatorView in Frameworks */,
				91178E132934B90E00A9BDE7 /* NVActivityIndicatorViewExtended in Frameworks */,
				917AA1CF28F4738B004EF8DB /* SnapKit in Frameworks */,
				91178E0A2934A79300A9BDE7 /* SwiftSoup in Frameworks */,
			);
			runOnlyForDeploymentPostprocessing = 0;
		};
/* End PBXFrameworksBuildPhase section */

/* Begin PBXGroup section */
		9109F2662935E84D00DDE54B /* WebView */ = {
			isa = PBXGroup;
			children = (
				91178E042934803B00A9BDE7 /* PostWebViewController.swift */,
				91D0649B294477FC00E99C7C /* Reachability.swift */,
			);
			path = WebView;
			sourceTree = "<group>";
		};
		9123228A290916AC00C204A8 /* Profile */ = {
			isa = PBXGroup;
			children = (
				91B73FD928F83DB1005159AD /* ProfileViewController.swift */,
			);
			path = Profile;
			sourceTree = "<group>";
		};
		912D2753291A2AE1004382BB /* Model */ = {
			isa = PBXGroup;
			children = (
				91C277162917E86600F5F53B /* SignUpModel.swift */,
			);
			path = Model;
			sourceTree = "<group>";
		};
		912D2756291A2BA4004382BB /* ViewController */ = {
			isa = PBXGroup;
			children = (
				916AEBA028F1675F000B2DA0 /* SignUpViewController.swift */,
			);
			path = ViewController;
			sourceTree = "<group>";
		};
		912D2758291A2C4A004382BB /* Model */ = {
			isa = PBXGroup;
			children = (
				91C277182917EB0600F5F53B /* SignInModel.swift */,
			);
			path = Model;
			sourceTree = "<group>";
		};
		912D2759291A2C58004382BB /* ViewController */ = {
			isa = PBXGroup;
			children = (
				91B73FDE28F84405005159AD /* SignInViewController.swift */,
			);
			path = ViewController;
			sourceTree = "<group>";
		};
		912D275A291A2CAF004382BB /* SubScribePost */ = {
			isa = PBXGroup;
			children = (
				9109F2642935E1B500DDE54B /* PostCell.swift */,
				9116104E292CB99200AC1627 /* SubScribeTableViewController.swift */,
			);
			path = SubScribePost;
			sourceTree = "<group>";
		};
		912D275B291A2CC9004382BB /* SearchSubScribe */ = {
			isa = PBXGroup;
			children = (
				9123228C2909181900C204A8 /* SearchSubscribeViewController.swift */,
			);
			path = SearchSubScribe;
			sourceTree = "<group>";
		};
		912D275E291A2DE3004382BB /* SignInUpService */ = {
			isa = PBXGroup;
			children = (
				91C277102917CCF100F5F53B /* SignServices.swift */,
				91C2771A2917EC1D00F5F53B /* SignInRequest.swift */,
				91C277142917E72A00F5F53B /* SignUpRequest.swift */,
			);
			path = SignInUpService;
			sourceTree = "<group>";
		};
		9142D798292CEB0D00D9BB7C /* Resource */ = {
			isa = PBXGroup;
			children = (
				9191602729256BE200497AC9 /* userList.swift */,
				916827A8292A487A00DDA369 /* PostData.swift */,
				916827A6292A2FCA00DDA369 /* PostModel.swift */,
				914A26E72937CF6E00F67BA0 /* urlList.swift */,
				91755F1A29233C24005C94D7 /* SubscriberListModel.swift */,
				916AE8212922A706007CCDE7 /* SubscriberModel.swift */,
			);
			path = Resource;
			sourceTree = "<group>";
		};
		9142D79A292CEB3500D9BB7C /* Resource */ = {
			isa = PBXGroup;
			children = (
				91E4777C292BECD100AFC26E /* NotificationList.swift */,
			);
			path = Resource;
			sourceTree = "<group>";
		};
		9142D79C292CEC2700D9BB7C /* TabBarComponent */ = {
			isa = PBXGroup;
			children = (
				918CDB5929391638000C016E /* Home */,
				91B73FDC28F83EEE005159AD /* Subscribe */,
				91E47775292BD1E000AFC26E /* Notification */,
				9123228A290916AC00C204A8 /* Profile */,
			);
			path = TabBarComponent;
			sourceTree = "<group>";
		};
		916AE8232922A878007CCDE7 /* SubscriberService */ = {
			isa = PBXGroup;
			children = (
				916AE8242922A89D007CCDE7 /* SubscriberService.swift */,
				916AE8262922A8F6007CCDE7 /* AddRequest.swift */,
			);
			path = SubscriberService;
			sourceTree = "<group>";
		};
		916AEB9028F1675F000B2DA0 = {
			isa = PBXGroup;
			children = (
				916AEB9B28F1675F000B2DA0 /* iOS_Velog */,
				916AEB9A28F1675F000B2DA0 /* Products */,
			);
			sourceTree = "<group>";
		};
		916AEB9A28F1675F000B2DA0 /* Products */ = {
			isa = PBXGroup;
			children = (
				916AEB9928F1675F000B2DA0 /* iOS_Velog.app */,
			);
			name = Products;
			sourceTree = "<group>";
		};
		916AEB9B28F1675F000B2DA0 /* iOS_Velog */ = {
			isa = PBXGroup;
			children = (
				91C276FE2917A12400F5F53B /* Moya */,
				9172F29E291633ED00C6C890 /* Realm */,
				91B73FDB28F83EDB005159AD /* MainTabBar */,
				91B73FD028F8012A005159AD /* SearchKeyword */,
				917AA1BB28F2A8B9004EF8DB /* SignUp */,
				91B73FDD28F843BB005159AD /* SignIn */,
				917AA1BC28F2A8D8004EF8DB /* Extension */,
				91A15B4E28F6C75D00FA3150 /* SceneDelegate.swift */,
				916AEB9C28F1675F000B2DA0 /* AppDelegate.swift */,
				916AEBA528F16762000B2DA0 /* Assets.xcassets */,
				916AEBA728F16762000B2DA0 /* LaunchScreen.storyboard */,
				916AEBAA28F16762000B2DA0 /* Info.plist */,
			);
			path = iOS_Velog;
			sourceTree = "<group>";
		};
		9170F13E291549040056E182 /* SubscribeList */ = {
			isa = PBXGroup;
			children = (
				9170F13F29154A710056E182 /* CustomCell.swift */,
				912322882909102E00C204A8 /* SubscribeListViewController.swift */,
			);
			path = SubscribeList;
			sourceTree = "<group>";
		};
		9172F29E291633ED00C6C890 /* Realm */ = {
			isa = PBXGroup;
			children = (
				9160AB8D291E1D4300079BF9 /* Token.swift */,
				9172F29F2916340600C6C890 /* Subscriber.swift */,
				9172F2A12916358900C6C890 /* RealmService.swift */,
			);
			path = Realm;
			sourceTree = "<group>";
		};
		917AA1BB28F2A8B9004EF8DB /* SignUp */ = {
			isa = PBXGroup;
			children = (
				912D2756291A2BA4004382BB /* ViewController */,
				912D2753291A2AE1004382BB /* Model */,
			);
			path = SignUp;
			sourceTree = "<group>";
		};
		917AA1BC28F2A8D8004EF8DB /* Extension */ = {
			isa = PBXGroup;
			children = (
				917AA1BF28F2A93C004EF8DB /* UITextField+.swift */,
				917AA1C328F46053004EF8DB /* UIColor+.swift */,
				917AA1C528F465B3004EF8DB /* UIStackView+.swift */,
				917AA1CB28F46BB4004EF8DB /* UIView+.swift */,
				91D342AB294066EB00251C56 /* UIViewController.swift */,
			);
			path = Extension;
			sourceTree = "<group>";
		};
		918CDB5929391638000C016E /* Home */ = {
			isa = PBXGroup;
			children = (
				918CDB572939100F000C016E /* HomeTabViewController.swift */,
				91FFF3202939D1EB00D80859 /* Resoure */,
				918CDB5A2939168A000C016E /* TabViewComponet */,
			);
			path = Home;
			sourceTree = "<group>";
		};
		918CDB5A2939168A000C016E /* TabViewComponet */ = {
			isa = PBXGroup;
			children = (
				91FFF32C2939E3BF00D80859 /* TagPostCell.swift */,
				91E694F72933D523000E312B /* HomeViewController.swift */,
				91FFF32F2939E5F900D80859 /* SearchTag */,
				91FFF32E2939E5E500D80859 /* TagList */,
			);
			path = TabViewComponet;
			sourceTree = "<group>";
		};
		91B73FD028F8012A005159AD /* SearchKeyword */ = {
			isa = PBXGroup;
			children = (
				91B73FD128F80142005159AD /* SearchKeywordViewController.swift */,
				912322852909010900C204A8 /* SearchViewController.swift */,
			);
			path = SearchKeyword;
			sourceTree = "<group>";
		};
		91B73FDB28F83EDB005159AD /* MainTabBar */ = {
			isa = PBXGroup;
			children = (
				911A1A56293F218B00D1C3CD /* LoadingViewController.swift */,
				91B73FD328F83D53005159AD /* CustomTabBarViewController.swift */,
				9142D79C292CEC2700D9BB7C /* TabBarComponent */,
			);
			path = MainTabBar;
			sourceTree = "<group>";
		};
		91B73FDC28F83EEE005159AD /* Subscribe */ = {
			isa = PBXGroup;
			children = (
				91E47772292BAC6500AFC26E /* TabViewController.swift */,
				9142D798292CEB0D00D9BB7C /* Resource */,
				9109F2662935E84D00DDE54B /* WebView */,
				912D275A291A2CAF004382BB /* SubScribePost */,
				9170F13E291549040056E182 /* SubscribeList */,
				912D275B291A2CC9004382BB /* SearchSubScribe */,
			);
			path = Subscribe;
			sourceTree = "<group>";
		};
		91B73FDD28F843BB005159AD /* SignIn */ = {
			isa = PBXGroup;
			children = (
				912D2759291A2C58004382BB /* ViewController */,
				912D2758291A2C4A004382BB /* Model */,
			);
			path = SignIn;
			sourceTree = "<group>";
		};
		91C276FE2917A12400F5F53B /* Moya */ = {
			isa = PBXGroup;
			children = (
				91DA86F6293BA056005084A2 /* BaseURL.swift */,
				91FFF31B2939CE8000D80859 /* TagService */,
				916AE8232922A878007CCDE7 /* SubscriberService */,
				912D275E291A2DE3004382BB /* SignInUpService */,
			);
			path = Moya;
			sourceTree = "<group>";
		};
		91E47775292BD1E000AFC26E /* Notification */ = {
			isa = PBXGroup;
			children = (
				9142D79A292CEB3500D9BB7C /* Resource */,
				91E4777F292BF3C700AFC26E /* ViewController */,
				91E4777E292BF3BA00AFC26E /* TableCell */,
			);
			path = Notification;
			sourceTree = "<group>";
		};
		91E4777E292BF3BA00AFC26E /* TableCell */ = {
			isa = PBXGroup;
			children = (
				91E4777A292BEAE500AFC26E /* NotificationTableViewCell.swift */,
			);
			path = TableCell;
			sourceTree = "<group>";
		};
		91E4777F292BF3C700AFC26E /* ViewController */ = {
			isa = PBXGroup;
			children = (
				91E47776292BD20400AFC26E /* NotificationViewController.swift */,
			);
			path = ViewController;
			sourceTree = "<group>";
		};
		91FFF31B2939CE8000D80859 /* TagService */ = {
			isa = PBXGroup;
			children = (
				91FFF31C2939CE9800D80859 /* TagService.swift */,
				91FFF31E2939CF2D00D80859 /* AddTag.swift */,
				91C35508293DE8B40087ADD1 /* DeleteTag.swift */,
			);
			path = TagService;
			sourceTree = "<group>";
		};
		91FFF3202939D1EB00D80859 /* Resoure */ = {
			isa = PBXGroup;
			children = (
				91FFF3212939D1FA00D80859 /* userTag.swift */,
				91FFF32A2939DD9300D80859 /* TagPostData.swift */,
				91FFF3282939DCA500D80859 /* TagPostModel.swift */,
				91DA86F4293B9FB9005084A2 /* TagUrlList.swift */,
			);
			path = Resoure;
			sourceTree = "<group>";
		};
		91FFF32E2939E5E500D80859 /* TagList */ = {
			isa = PBXGroup;
			children = (
				91FFF3252939D5AF00D80859 /* TagTableCell.swift */,
				918CDB5329390A59000C016E /* TagViewController.swift */,
			);
			path = TagList;
			sourceTree = "<group>";
		};
		91FFF32F2939E5F900D80859 /* SearchTag */ = {
			isa = PBXGroup;
			children = (
				918CDB5529390D36000C016E /* AddTagViewController.swift */,
			);
			path = SearchTag;
			sourceTree = "<group>";
		};
/* End PBXGroup section */

/* Begin PBXNativeTarget section */
		916AEB9828F1675F000B2DA0 /* iOS_Velog */ = {
			isa = PBXNativeTarget;
			buildConfigurationList = 916AEBAD28F16762000B2DA0 /* Build configuration list for PBXNativeTarget "iOS_Velog" */;
			buildPhases = (
				916AEB9528F1675F000B2DA0 /* Sources */,
				916AEB9628F1675F000B2DA0 /* Frameworks */,
				916AEB9728F1675F000B2DA0 /* Resources */,
			);
			buildRules = (
			);
			dependencies = (
			);
			name = iOS_Velog;
			packageProductDependencies = (
				917AA1B928F2A814004EF8DB /* Then */,
				917AA1CE28F4738B004EF8DB /* SnapKit */,
				9168AD5B290FBC2200BA42E2 /* Realm */,
				9168AD5D290FBC2200BA42E2 /* RealmSwift */,
				91C277022917A3D100F5F53B /* CombineMoya */,
				91C277042917A3D100F5F53B /* Moya */,
				91C277062917A3D100F5F53B /* ReactiveMoya */,
				91C277082917A3D100F5F53B /* RxMoya */,
				91E47770292BAC4F00AFC26E /* Tabman */,
				91178E092934A79300A9BDE7 /* SwiftSoup */,
				91178E102934B90E00A9BDE7 /* NVActivityIndicatorView */,
				91178E122934B90E00A9BDE7 /* NVActivityIndicatorViewExtended */,
				9109F26829367A5400DDE54B /* Kingfisher */,
			);
			productName = iOS_Velog;
			productReference = 916AEB9928F1675F000B2DA0 /* iOS_Velog.app */;
			productType = "com.apple.product-type.application";
		};
/* End PBXNativeTarget section */

/* Begin PBXProject section */
		916AEB9128F1675F000B2DA0 /* Project object */ = {
			isa = PBXProject;
			attributes = {
				BuildIndependentTargetsInParallel = 1;
				LastSwiftUpdateCheck = 1320;
				LastUpgradeCheck = 1320;
				TargetAttributes = {
					916AEB9828F1675F000B2DA0 = {
						CreatedOnToolsVersion = 13.2.1;
					};
				};
			};
			buildConfigurationList = 916AEB9428F1675F000B2DA0 /* Build configuration list for PBXProject "iOS_Velog" */;
			compatibilityVersion = "Xcode 13.0";
			developmentRegion = en;
			hasScannedForEncodings = 0;
			knownRegions = (
				en,
				Base,
			);
			mainGroup = 916AEB9028F1675F000B2DA0;
			packageReferences = (
				917AA1B828F2A814004EF8DB /* XCRemoteSwiftPackageReference "Then" */,
				917AA1CD28F4738B004EF8DB /* XCRemoteSwiftPackageReference "SnapKit" */,
				9168AD5A290FBC2200BA42E2 /* XCRemoteSwiftPackageReference "realm-swift" */,
				91C277012917A3D100F5F53B /* XCRemoteSwiftPackageReference "Moya" */,
				91E4776F292BAC4F00AFC26E /* XCRemoteSwiftPackageReference "Tabman" */,
				91178E082934A79300A9BDE7 /* XCRemoteSwiftPackageReference "SwiftSoup" */,
				91178E0F2934B90D00A9BDE7 /* XCRemoteSwiftPackageReference "NVActivityIndicatorView" */,
				9109F26729367A5400DDE54B /* XCRemoteSwiftPackageReference "Kingfisher" */,
			);
			productRefGroup = 916AEB9A28F1675F000B2DA0 /* Products */;
			projectDirPath = "";
			projectRoot = "";
			targets = (
				916AEB9828F1675F000B2DA0 /* iOS_Velog */,
			);
		};
/* End PBXProject section */

/* Begin PBXResourcesBuildPhase section */
		916AEB9728F1675F000B2DA0 /* Resources */ = {
			isa = PBXResourcesBuildPhase;
			buildActionMask = 2147483647;
			files = (
				916AEBA928F16762000B2DA0 /* LaunchScreen.storyboard in Resources */,
				916AEBA628F16762000B2DA0 /* Assets.xcassets in Resources */,
			);
			runOnlyForDeploymentPostprocessing = 0;
		};
/* End PBXResourcesBuildPhase section */

/* Begin PBXSourcesBuildPhase section */
		916AEB9528F1675F000B2DA0 /* Sources */ = {
			isa = PBXSourcesBuildPhase;
			buildActionMask = 2147483647;
			files = (
				916AE8252922A89D007CCDE7 /* SubscriberService.swift in Sources */,
				91B73FDF28F84405005159AD /* SignInViewController.swift in Sources */,
				91D342AC294066EB00251C56 /* UIViewController.swift in Sources */,
				91FFF31F2939CF2D00D80859 /* AddTag.swift in Sources */,
				91C277112917CCF100F5F53B /* SignServices.swift in Sources */,
				91DA86F5293B9FB9005084A2 /* TagUrlList.swift in Sources */,
				91FFF3292939DCA500D80859 /* TagPostModel.swift in Sources */,
				9191602829256BE200497AC9 /* userList.swift in Sources */,
				916AE8272922A8F6007CCDE7 /* AddRequest.swift in Sources */,
				914A26E82937CF6E00F67BA0 /* urlList.swift in Sources */,
				91C35509293DE8B40087ADD1 /* DeleteTag.swift in Sources */,
				916827A9292A487B00DDA369 /* PostData.swift in Sources */,
				91A15B4F28F6C75D00FA3150 /* SceneDelegate.swift in Sources */,
				91FFF32B2939DD9300D80859 /* TagPostData.swift in Sources */,
				91C277172917E86600F5F53B /* SignUpModel.swift in Sources */,
				916AEBA128F1675F000B2DA0 /* SignUpViewController.swift in Sources */,
				91DA86F7293BA056005084A2 /* BaseURL.swift in Sources */,
				91B73FD228F80142005159AD /* SearchKeywordViewController.swift in Sources */,
				91D0649C294477FC00E99C7C /* Reachability.swift in Sources */,
				91C277192917EB0600F5F53B /* SignInModel.swift in Sources */,
				917AA1C028F2A93C004EF8DB /* UITextField+.swift in Sources */,
				91E4777D292BECD100AFC26E /* NotificationList.swift in Sources */,
				91755F1B29233C24005C94D7 /* SubscriberListModel.swift in Sources */,
				9160AB8E291E1D4300079BF9 /* Token.swift in Sources */,
				91E47777292BD20400AFC26E /* NotificationViewController.swift in Sources */,
				91B73FD428F83D53005159AD /* CustomTabBarViewController.swift in Sources */,
				91B73FDA28F83DB1005159AD /* ProfileViewController.swift in Sources */,
				91FFF31D2939CE9800D80859 /* TagService.swift in Sources */,
				9172F2A02916340600C6C890 /* Subscriber.swift in Sources */,
				918CDB5429390A59000C016E /* TagViewController.swift in Sources */,
				91FFF32D2939E3BF00D80859 /* TagPostCell.swift in Sources */,
				91E694F82933D523000E312B /* HomeViewController.swift in Sources */,
				91E47773292BAC6500AFC26E /* TabViewController.swift in Sources */,
				91C277152917E72A00F5F53B /* SignUpRequest.swift in Sources */,
				9170F14029154A720056E182 /* CustomCell.swift in Sources */,
				912322862909010900C204A8 /* SearchViewController.swift in Sources */,
				916827A7292A2FCA00DDA369 /* PostModel.swift in Sources */,
				91C2771B2917EC1D00F5F53B /* SignInRequest.swift in Sources */,
				91E4777B292BEAE500AFC26E /* NotificationTableViewCell.swift in Sources */,
				91FFF3262939D5AF00D80859 /* TagTableCell.swift in Sources */,
				912322892909102E00C204A8 /* SubscribeListViewController.swift in Sources */,
				916AEB9D28F1675F000B2DA0 /* AppDelegate.swift in Sources */,
				9116104F292CB99200AC1627 /* SubScribeTableViewController.swift in Sources */,
				917AA1CC28F46BB4004EF8DB /* UIView+.swift in Sources */,
				91178E052934803B00A9BDE7 /* PostWebViewController.swift in Sources */,
				918CDB582939100F000C016E /* HomeTabViewController.swift in Sources */,
				918CDB5629390D36000C016E /* AddTagViewController.swift in Sources */,
				91FFF3222939D1FA00D80859 /* userTag.swift in Sources */,
				911A1A57293F218B00D1C3CD /* LoadingViewController.swift in Sources */,
				9123228D2909181900C204A8 /* SearchSubscribeViewController.swift in Sources */,
				917AA1C428F46053004EF8DB /* UIColor+.swift in Sources */,
				916AE8222922A706007CCDE7 /* SubscriberModel.swift in Sources */,
				9109F2652935E1B500DDE54B /* PostCell.swift in Sources */,
				917AA1C628F465B3004EF8DB /* UIStackView+.swift in Sources */,
				9172F2A22916358900C6C890 /* RealmService.swift in Sources */,
			);
			runOnlyForDeploymentPostprocessing = 0;
		};
/* End PBXSourcesBuildPhase section */

/* Begin PBXVariantGroup section */
		916AEBA728F16762000B2DA0 /* LaunchScreen.storyboard */ = {
			isa = PBXVariantGroup;
			children = (
				916AEBA828F16762000B2DA0 /* Base */,
			);
			name = LaunchScreen.storyboard;
			sourceTree = "<group>";
		};
/* End PBXVariantGroup section */

/* Begin XCBuildConfiguration section */
		916AEBAB28F16762000B2DA0 /* Debug */ = {
			isa = XCBuildConfiguration;
			buildSettings = {
				ALWAYS_SEARCH_USER_PATHS = NO;
				CLANG_ANALYZER_NONNULL = YES;
				CLANG_ANALYZER_NUMBER_OBJECT_CONVERSION = YES_AGGRESSIVE;
				CLANG_CXX_LANGUAGE_STANDARD = "gnu++17";
				CLANG_CXX_LIBRARY = "libc++";
				CLANG_ENABLE_MODULES = YES;
				CLANG_ENABLE_OBJC_ARC = YES;
				CLANG_ENABLE_OBJC_WEAK = YES;
				CLANG_WARN_BLOCK_CAPTURE_AUTORELEASING = YES;
				CLANG_WARN_BOOL_CONVERSION = YES;
				CLANG_WARN_COMMA = YES;
				CLANG_WARN_CONSTANT_CONVERSION = YES;
				CLANG_WARN_DEPRECATED_OBJC_IMPLEMENTATIONS = YES;
				CLANG_WARN_DIRECT_OBJC_ISA_USAGE = YES_ERROR;
				CLANG_WARN_DOCUMENTATION_COMMENTS = YES;
				CLANG_WARN_EMPTY_BODY = YES;
				CLANG_WARN_ENUM_CONVERSION = YES;
				CLANG_WARN_INFINITE_RECURSION = YES;
				CLANG_WARN_INT_CONVERSION = YES;
				CLANG_WARN_NON_LITERAL_NULL_CONVERSION = YES;
				CLANG_WARN_OBJC_IMPLICIT_RETAIN_SELF = YES;
				CLANG_WARN_OBJC_LITERAL_CONVERSION = YES;
				CLANG_WARN_OBJC_ROOT_CLASS = YES_ERROR;
				CLANG_WARN_QUOTED_INCLUDE_IN_FRAMEWORK_HEADER = YES;
				CLANG_WARN_RANGE_LOOP_ANALYSIS = YES;
				CLANG_WARN_STRICT_PROTOTYPES = YES;
				CLANG_WARN_SUSPICIOUS_MOVE = YES;
				CLANG_WARN_UNGUARDED_AVAILABILITY = YES_AGGRESSIVE;
				CLANG_WARN_UNREACHABLE_CODE = YES;
				CLANG_WARN__DUPLICATE_METHOD_MATCH = YES;
				COPY_PHASE_STRIP = NO;
				DEBUG_INFORMATION_FORMAT = dwarf;
				ENABLE_STRICT_OBJC_MSGSEND = YES;
				ENABLE_TESTABILITY = YES;
				GCC_C_LANGUAGE_STANDARD = gnu11;
				GCC_DYNAMIC_NO_PIC = NO;
				GCC_NO_COMMON_BLOCKS = YES;
				GCC_OPTIMIZATION_LEVEL = 0;
				GCC_PREPROCESSOR_DEFINITIONS = (
					"DEBUG=1",
					"$(inherited)",
				);
				GCC_WARN_64_TO_32_BIT_CONVERSION = YES;
				GCC_WARN_ABOUT_RETURN_TYPE = YES_ERROR;
				GCC_WARN_UNDECLARED_SELECTOR = YES;
				GCC_WARN_UNINITIALIZED_AUTOS = YES_AGGRESSIVE;
				GCC_WARN_UNUSED_FUNCTION = YES;
				GCC_WARN_UNUSED_VARIABLE = YES;
				IPHONEOS_DEPLOYMENT_TARGET = 14.0;
				MTL_ENABLE_DEBUG_INFO = INCLUDE_SOURCE;
				MTL_FAST_MATH = YES;
				ONLY_ACTIVE_ARCH = YES;
				SDKROOT = iphoneos;
				SWIFT_ACTIVE_COMPILATION_CONDITIONS = DEBUG;
				SWIFT_OPTIMIZATION_LEVEL = "-Onone";
			};
			name = Debug;
		};
		916AEBAC28F16762000B2DA0 /* Release */ = {
			isa = XCBuildConfiguration;
			buildSettings = {
				ALWAYS_SEARCH_USER_PATHS = NO;
				CLANG_ANALYZER_NONNULL = YES;
				CLANG_ANALYZER_NUMBER_OBJECT_CONVERSION = YES_AGGRESSIVE;
				CLANG_CXX_LANGUAGE_STANDARD = "gnu++17";
				CLANG_CXX_LIBRARY = "libc++";
				CLANG_ENABLE_MODULES = YES;
				CLANG_ENABLE_OBJC_ARC = YES;
				CLANG_ENABLE_OBJC_WEAK = YES;
				CLANG_WARN_BLOCK_CAPTURE_AUTORELEASING = YES;
				CLANG_WARN_BOOL_CONVERSION = YES;
				CLANG_WARN_COMMA = YES;
				CLANG_WARN_CONSTANT_CONVERSION = YES;
				CLANG_WARN_DEPRECATED_OBJC_IMPLEMENTATIONS = YES;
				CLANG_WARN_DIRECT_OBJC_ISA_USAGE = YES_ERROR;
				CLANG_WARN_DOCUMENTATION_COMMENTS = YES;
				CLANG_WARN_EMPTY_BODY = YES;
				CLANG_WARN_ENUM_CONVERSION = YES;
				CLANG_WARN_INFINITE_RECURSION = YES;
				CLANG_WARN_INT_CONVERSION = YES;
				CLANG_WARN_NON_LITERAL_NULL_CONVERSION = YES;
				CLANG_WARN_OBJC_IMPLICIT_RETAIN_SELF = YES;
				CLANG_WARN_OBJC_LITERAL_CONVERSION = YES;
				CLANG_WARN_OBJC_ROOT_CLASS = YES_ERROR;
				CLANG_WARN_QUOTED_INCLUDE_IN_FRAMEWORK_HEADER = YES;
				CLANG_WARN_RANGE_LOOP_ANALYSIS = YES;
				CLANG_WARN_STRICT_PROTOTYPES = YES;
				CLANG_WARN_SUSPICIOUS_MOVE = YES;
				CLANG_WARN_UNGUARDED_AVAILABILITY = YES_AGGRESSIVE;
				CLANG_WARN_UNREACHABLE_CODE = YES;
				CLANG_WARN__DUPLICATE_METHOD_MATCH = YES;
				COPY_PHASE_STRIP = NO;
				DEBUG_INFORMATION_FORMAT = "dwarf-with-dsym";
				ENABLE_NS_ASSERTIONS = NO;
				ENABLE_STRICT_OBJC_MSGSEND = YES;
				GCC_C_LANGUAGE_STANDARD = gnu11;
				GCC_NO_COMMON_BLOCKS = YES;
				GCC_WARN_64_TO_32_BIT_CONVERSION = YES;
				GCC_WARN_ABOUT_RETURN_TYPE = YES_ERROR;
				GCC_WARN_UNDECLARED_SELECTOR = YES;
				GCC_WARN_UNINITIALIZED_AUTOS = YES_AGGRESSIVE;
				GCC_WARN_UNUSED_FUNCTION = YES;
				GCC_WARN_UNUSED_VARIABLE = YES;
				IPHONEOS_DEPLOYMENT_TARGET = 14.0;
				MTL_ENABLE_DEBUG_INFO = NO;
				MTL_FAST_MATH = YES;
				SDKROOT = iphoneos;
				SWIFT_COMPILATION_MODE = wholemodule;
				SWIFT_OPTIMIZATION_LEVEL = "-O";
				VALIDATE_PRODUCT = YES;
			};
			name = Release;
		};
		916AEBAE28F16762000B2DA0 /* Debug */ = {
			isa = XCBuildConfiguration;
			buildSettings = {
				ASSETCATALOG_COMPILER_APPICON_NAME = AppIcon;
				ASSETCATALOG_COMPILER_GLOBAL_ACCENT_COLOR_NAME = AccentColor;
				CODE_SIGN_STYLE = Automatic;
				CURRENT_PROJECT_VERSION = 1;
				DEVELOPMENT_TEAM = D96A3BCL3R;
				GENERATE_INFOPLIST_FILE = YES;
				INFOPLIST_FILE = iOS_Velog/Info.plist;
				INFOPLIST_KEY_UIApplicationSupportsIndirectInputEvents = YES;
				INFOPLIST_KEY_UILaunchStoryboardName = LaunchScreen;
				INFOPLIST_KEY_UISupportedInterfaceOrientations_iPad = "UIInterfaceOrientationPortrait UIInterfaceOrientationPortraitUpsideDown UIInterfaceOrientationLandscapeLeft UIInterfaceOrientationLandscapeRight";
				INFOPLIST_KEY_UISupportedInterfaceOrientations_iPhone = "UIInterfaceOrientationPortrait UIInterfaceOrientationLandscapeLeft UIInterfaceOrientationLandscapeRight";
				IPHONEOS_DEPLOYMENT_TARGET = 14.0;
				LD_RUNPATH_SEARCH_PATHS = (
					"$(inherited)",
					"@executable_path/Frameworks",
				);
				MARKETING_VERSION = 1.0;
				PRODUCT_BUNDLE_IDENTIFIER = "com.JuneHyeokHong.iOS-Velog3";
				PRODUCT_NAME = "$(TARGET_NAME)";
				SWIFT_EMIT_LOC_STRINGS = YES;
				SWIFT_VERSION = 5.0;
				TARGETED_DEVICE_FAMILY = "1,2";
			};
			name = Debug;
		};
		916AEBAF28F16762000B2DA0 /* Release */ = {
			isa = XCBuildConfiguration;
			buildSettings = {
				ASSETCATALOG_COMPILER_APPICON_NAME = AppIcon;
				ASSETCATALOG_COMPILER_GLOBAL_ACCENT_COLOR_NAME = AccentColor;
				CODE_SIGN_STYLE = Automatic;
				CURRENT_PROJECT_VERSION = 1;
				DEVELOPMENT_TEAM = D96A3BCL3R;
				GENERATE_INFOPLIST_FILE = YES;
				INFOPLIST_FILE = iOS_Velog/Info.plist;
				INFOPLIST_KEY_UIApplicationSupportsIndirectInputEvents = YES;
				INFOPLIST_KEY_UILaunchStoryboardName = LaunchScreen;
				INFOPLIST_KEY_UISupportedInterfaceOrientations_iPad = "UIInterfaceOrientationPortrait UIInterfaceOrientationPortraitUpsideDown UIInterfaceOrientationLandscapeLeft UIInterfaceOrientationLandscapeRight";
				INFOPLIST_KEY_UISupportedInterfaceOrientations_iPhone = "UIInterfaceOrientationPortrait UIInterfaceOrientationLandscapeLeft UIInterfaceOrientationLandscapeRight";
				IPHONEOS_DEPLOYMENT_TARGET = 14.0;
				LD_RUNPATH_SEARCH_PATHS = (
					"$(inherited)",
					"@executable_path/Frameworks",
				);
				MARKETING_VERSION = 1.0;
				PRODUCT_BUNDLE_IDENTIFIER = "com.JuneHyeokHong.iOS-Velog";
				PRODUCT_NAME = "$(TARGET_NAME)";
				SWIFT_EMIT_LOC_STRINGS = YES;
				SWIFT_VERSION = 5.0;
				TARGETED_DEVICE_FAMILY = "1,2";
			};
			name = Release;
		};
/* End XCBuildConfiguration section */

/* Begin XCConfigurationList section */
		916AEB9428F1675F000B2DA0 /* Build configuration list for PBXProject "iOS_Velog" */ = {
			isa = XCConfigurationList;
			buildConfigurations = (
				916AEBAB28F16762000B2DA0 /* Debug */,
				916AEBAC28F16762000B2DA0 /* Release */,
			);
			defaultConfigurationIsVisible = 0;
			defaultConfigurationName = Release;
		};
		916AEBAD28F16762000B2DA0 /* Build configuration list for PBXNativeTarget "iOS_Velog" */ = {
			isa = XCConfigurationList;
			buildConfigurations = (
				916AEBAE28F16762000B2DA0 /* Debug */,
				916AEBAF28F16762000B2DA0 /* Release */,
			);
			defaultConfigurationIsVisible = 0;
			defaultConfigurationName = Release;
		};
/* End XCConfigurationList section */

/* Begin XCRemoteSwiftPackageReference section */
		9109F26729367A5400DDE54B /* XCRemoteSwiftPackageReference "Kingfisher" */ = {
			isa = XCRemoteSwiftPackageReference;
			repositoryURL = "https://github.com/onevcat/Kingfisher";
			requirement = {
				branch = master;
				kind = branch;
			};
		};
		91178E082934A79300A9BDE7 /* XCRemoteSwiftPackageReference "SwiftSoup" */ = {
			isa = XCRemoteSwiftPackageReference;
			repositoryURL = "https://github.com/scinfu/SwiftSoup";
			requirement = {
				branch = master;
				kind = branch;
			};
		};
		91178E0F2934B90D00A9BDE7 /* XCRemoteSwiftPackageReference "NVActivityIndicatorView" */ = {
			isa = XCRemoteSwiftPackageReference;
			repositoryURL = "https://github.com/ninjaprox/NVActivityIndicatorView";
			requirement = {
				branch = master;
				kind = branch;
			};
		};
		9168AD5A290FBC2200BA42E2 /* XCRemoteSwiftPackageReference "realm-swift" */ = {
			isa = XCRemoteSwiftPackageReference;
			repositoryURL = "https://github.com/realm/realm-swift.git";
			requirement = {
				branch = master;
				kind = branch;
			};
		};
		917AA1B828F2A814004EF8DB /* XCRemoteSwiftPackageReference "Then" */ = {
			isa = XCRemoteSwiftPackageReference;
			repositoryURL = "https://github.com/devxoul/Then.git";
			requirement = {
				kind = upToNextMajorVersion;
				minimumVersion = 3.0.0;
			};
		};
		917AA1CD28F4738B004EF8DB /* XCRemoteSwiftPackageReference "SnapKit" */ = {
			isa = XCRemoteSwiftPackageReference;
			repositoryURL = "https://github.com/SnapKit/SnapKit.git";
			requirement = {
				branch = develop;
				kind = branch;
			};
		};
		91C277012917A3D100F5F53B /* XCRemoteSwiftPackageReference "Moya" */ = {
			isa = XCRemoteSwiftPackageReference;
			repositoryURL = "https://github.com/Moya/Moya";
			requirement = {
				branch = master;
				kind = branch;
			};
		};
		91E4776F292BAC4F00AFC26E /* XCRemoteSwiftPackageReference "Tabman" */ = {
			isa = XCRemoteSwiftPackageReference;
			repositoryURL = "https://github.com/uias/Tabman";
			requirement = {
				kind = upToNextMajorVersion;
				minimumVersion = 3.0.0;
			};
		};
/* End XCRemoteSwiftPackageReference section */

/* Begin XCSwiftPackageProductDependency section */
		9109F26829367A5400DDE54B /* Kingfisher */ = {
			isa = XCSwiftPackageProductDependency;
			package = 9109F26729367A5400DDE54B /* XCRemoteSwiftPackageReference "Kingfisher" */;
			productName = Kingfisher;
		};
		91178E092934A79300A9BDE7 /* SwiftSoup */ = {
			isa = XCSwiftPackageProductDependency;
			package = 91178E082934A79300A9BDE7 /* XCRemoteSwiftPackageReference "SwiftSoup" */;
			productName = SwiftSoup;
		};
		91178E102934B90E00A9BDE7 /* NVActivityIndicatorView */ = {
			isa = XCSwiftPackageProductDependency;
			package = 91178E0F2934B90D00A9BDE7 /* XCRemoteSwiftPackageReference "NVActivityIndicatorView" */;
			productName = NVActivityIndicatorView;
		};
		91178E122934B90E00A9BDE7 /* NVActivityIndicatorViewExtended */ = {
			isa = XCSwiftPackageProductDependency;
			package = 91178E0F2934B90D00A9BDE7 /* XCRemoteSwiftPackageReference "NVActivityIndicatorView" */;
			productName = NVActivityIndicatorViewExtended;
		};
		9168AD5B290FBC2200BA42E2 /* Realm */ = {
			isa = XCSwiftPackageProductDependency;
			package = 9168AD5A290FBC2200BA42E2 /* XCRemoteSwiftPackageReference "realm-swift" */;
			productName = Realm;
		};
		9168AD5D290FBC2200BA42E2 /* RealmSwift */ = {
			isa = XCSwiftPackageProductDependency;
			package = 9168AD5A290FBC2200BA42E2 /* XCRemoteSwiftPackageReference "realm-swift" */;
			productName = RealmSwift;
		};
		917AA1B928F2A814004EF8DB /* Then */ = {
			isa = XCSwiftPackageProductDependency;
			package = 917AA1B828F2A814004EF8DB /* XCRemoteSwiftPackageReference "Then" */;
			productName = Then;
		};
		917AA1CE28F4738B004EF8DB /* SnapKit */ = {
			isa = XCSwiftPackageProductDependency;
			package = 917AA1CD28F4738B004EF8DB /* XCRemoteSwiftPackageReference "SnapKit" */;
			productName = SnapKit;
		};
		91C277022917A3D100F5F53B /* CombineMoya */ = {
			isa = XCSwiftPackageProductDependency;
			package = 91C277012917A3D100F5F53B /* XCRemoteSwiftPackageReference "Moya" */;
			productName = CombineMoya;
		};
		91C277042917A3D100F5F53B /* Moya */ = {
			isa = XCSwiftPackageProductDependency;
			package = 91C277012917A3D100F5F53B /* XCRemoteSwiftPackageReference "Moya" */;
			productName = Moya;
		};
		91C277062917A3D100F5F53B /* ReactiveMoya */ = {
			isa = XCSwiftPackageProductDependency;
			package = 91C277012917A3D100F5F53B /* XCRemoteSwiftPackageReference "Moya" */;
			productName = ReactiveMoya;
		};
		91C277082917A3D100F5F53B /* RxMoya */ = {
			isa = XCSwiftPackageProductDependency;
			package = 91C277012917A3D100F5F53B /* XCRemoteSwiftPackageReference "Moya" */;
			productName = RxMoya;
		};
		91E47770292BAC4F00AFC26E /* Tabman */ = {
			isa = XCSwiftPackageProductDependency;
			package = 91E4776F292BAC4F00AFC26E /* XCRemoteSwiftPackageReference "Tabman" */;
			productName = Tabman;
		};
/* End XCSwiftPackageProductDependency section */
	};
	rootObject = 916AEB9128F1675F000B2DA0 /* Project object */;
}
